
Microsoft Visual Studio Solution File, Format Version 12.00
# Visual Studio Version 16
VisualStudioVersion = 16.0.30804.86
MinimumVisualStudioVersion = 10.0.40219.1
Project("{FAE04EC0-301F-11D3-BF4B-00C04F79EFBC}") = "TempConvert", "TempConvert\TempConvert.csproj", "{5080CEF5-51C1-45E4-9DB4-A80AFEEB82CB}"
EndProject
Global
	GlobalSection(SolutionConfigurationPlatforms) = preSolution
		Debug|Any CPU = Debug|Any CPU
		Release|Any CPU = Release|Any CPU
	EndGlobalSection
	GlobalSection(ProjectConfigurationPlatforms) = postSolution
		{5080CEF5-51C1-45E4-9DB4-A80AFEEB82CB}.Debug|Any CPU.ActiveCfg = Debug|Any CPU
		{5080CEF5-51C1-45E4-9DB4-A80AFEEB82CB}.Debug|Any CPU.Build.0 = Debug|Any CPU
		{5080CEF5-51C1-45E4-9DB4-A80AFEEB82CB}.Release|Any CPU.ActiveCfg = Release|Any CPU
		{5080CEF5-51C1-45E4-9DB4-A80AFEEB82CB}.Release|Any CPU.Build.0 = Release|Any CPU
	EndGlobalSection
	GlobalSection(SolutionProperties) = preSolution
		HideSolutionNode = FALSE
	EndGlobalSection
	GlobalSection(ExtensibilityGlobals) = postSolution
		SolutionGuid = {D9B4C85E-DEF5-4FCC-99FD-D5E1FDE68105}
	EndGlobalSection
EndGlobal
